// !$*UTF8*$!
{
	archiveVersion = 1;
	classes = {
	};
	objectVersion = 46;
	objects = {

/* Begin PBXBuildFile section */
		178846C11CAA26BA00FED0BA /* AppDelegate.swift in Sources */ = {isa = PBXBuildFile; fileRef = 178846C01CAA26BA00FED0BA /* AppDelegate.swift */; };
		178846C31CAA26BA00FED0BA /* ViewController.swift in Sources */ = {isa = PBXBuildFile; fileRef = 178846C21CAA26BA00FED0BA /* ViewController.swift */; };
		178846C61CAA26BA00FED0BA /* Main.storyboard in Resources */ = {isa = PBXBuildFile; fileRef = 178846C41CAA26BA00FED0BA /* Main.storyboard */; };
		178846C81CAA26BA00FED0BA /* Assets.xcassets in Resources */ = {isa = PBXBuildFile; fileRef = 178846C71CAA26BA00FED0BA /* Assets.xcassets */; };
		178846CB1CAA26BA00FED0BA /* LaunchScreen.storyboard in Resources */ = {isa = PBXBuildFile; fileRef = 178846C91CAA26BA00FED0BA /* LaunchScreen.storyboard */; };
		178846D61CAA26BA00FED0BA /* SwiftProgramTests.swift in Sources */ = {isa = PBXBuildFile; fileRef = 178846D51CAA26BA00FED0BA /* SwiftProgramTests.swift */; };
		178846E11CAA26BA00FED0BA /* SwiftProgramUITests.swift in Sources */ = {isa = PBXBuildFile; fileRef = 178846E01CAA26BA00FED0BA /* SwiftProgramUITests.swift */; };
/* End PBXBuildFile section */

/* Begin PBXContainerItemProxy section */
		178846D21CAA26BA00FED0BA /* PBXContainerItemProxy */ = {
			isa = PBXContainerItemProxy;
			containerPortal = 178846B51CAA26BA00FED0BA /* Project object */;
			proxyType = 1;
			remoteGlobalIDString = 178846BC1CAA26BA00FED0BA;
			remoteInfo = SwiftProgram;
		};
		178846DD1CAA26BA00FED0BA /* PBXContainerItemProxy */ = {
			isa = PBXContainerItemProxy;
			containerPortal = 178846B51CAA26BA00FED0BA /* Project object */;
			proxyType = 1;
			remoteGlobalIDString = 178846BC1CAA26BA00FED0BA;
			remoteInfo = SwiftProgram;
		};
/* End PBXContainerItemProxy section */

/* Begin PBXFileReference section */
		178846BD1CAA26BA00FED0BA /* SwiftProgram.app */ = {isa = PBXFileReference; explicitFileType = wrapper.application; includeInIndex = 0; path = SwiftProgram.app; sourceTree = BUILT_PRODUCTS_DIR; };
		178846C01CAA26BA00FED0BA /* AppDelegate.swift */ = {isa = PBXFileReference; lastKnownFileType = sourcecode.swift; path = AppDelegate.swift; sourceTree = "<group>"; };
		178846C21CAA26BA00FED0BA /* ViewController.swift */ = {isa = PBXFileReference; lastKnownFileType = sourcecode.swift; path = ViewController.swift; sourceTree = "<group>"; };
		178846C51CAA26BA00FED0BA /* Base */ = {isa = PBXFileReference; lastKnownFileType = file.storyboard; name = Base; path = Base.lproj/Main.storyboard; sourceTree = "<group>"; };
		178846C71CAA26BA00FED0BA /* Assets.xcassets */ = {isa = PBXFileReference; lastKnownFileType = folder.assetcatalog; path = Assets.xcassets; sourceTree = "<group>"; };
		178846CA1CAA26BA00FED0BA /* Base */ = {isa = PBXFileReference; lastKnownFileType = file.storyboard; name = Base; path = Base.lproj/LaunchScreen.storyboard; sourceTree = "<group>"; };
		178846CC1CAA26BA00FED0BA /* Info.plist */ = {isa = PBXFileReference; lastKnownFileType = text.plist.xml; path = Info.plist; sourceTree = "<group>"; };
		178846D11CAA26BA00FED0BA /* SwiftProgramTests.xctest */ = {isa = PBXFileReference; explicitFileType = wrapper.cfbundle; includeInIndex = 0; path = SwiftProgramTests.xctest; sourceTree = BUILT_PRODUCTS_DIR; };
		178846D51CAA26BA00FED0BA /* SwiftProgramTests.swift */ = {isa = PBXFileReference; lastKnownFileType = sourcecode.swift; path = SwiftProgramTests.swift; sourceTree = "<group>"; };
		178846D71CAA26BA00FED0BA /* Info.plist */ = {isa = PBXFileReference; lastKnownFileType = text.plist.xml; path = Info.plist; sourceTree = "<group>"; };
		178846DC1CAA26BA00FED0BA /* SwiftProgramUITests.xctest */ = {isa = PBXFileReference; explicitFileType = wrapper.cfbundle; includeInIndex = 0; path = SwiftProgramUITests.xctest; sourceTree = BUILT_PRODUCTS_DIR; };
		178846E01CAA26BA00FED0BA /* SwiftProgramUITests.swift */ = {isa = PBXFileReference; lastKnownFileType = sourcecode.swift; path = SwiftProgramUITests.swift; sourceTree = "<group>"; };
		178846E21CAA26BA00FED0BA /* Info.plist */ = {isa = PBXFileReference; lastKnownFileType = text.plist.xml; path = Info.plist; sourceTree = "<group>"; };
/* End PBXFileReference section */

/* Begin PBXFrameworksBuildPhase section */
		178846BA1CAA26BA00FED0BA /* Frameworks */ = {
			isa = PBXFrameworksBuildPhase;
			buildActionMask = 2147483647;
			files = (
			);
			runOnlyForDeploymentPostprocessing = 0;
		};
		178846CE1CAA26BA00FED0BA /* Frameworks */ = {
			isa = PBXFrameworksBuildPhase;
			buildActionMask = 2147483647;
			files = (
			);
			runOnlyForDeploymentPostprocessing = 0;
		};
		178846D91CAA26BA00FED0BA /* Frameworks */ = {
			isa = PBXFrameworksBuildPhase;
			buildActionMask = 2147483647;
			files = (
			);
			runOnlyForDeploymentPostprocessing = 0;
		};
/* End PBXFrameworksBuildPhase section */

/* Begin PBXGroup section */
		178846B41CAA26BA00FED0BA = {
			isa = PBXGroup;
			children = (
				178846BF1CAA26BA00FED0BA /* SwiftProgram */,
				178846D41CAA26BA00FED0BA /* SwiftProgramTests */,
				178846DF1CAA26BA00FED0BA /* SwiftProgramUITests */,
				178846BE1CAA26BA00FED0BA /* Products */,
			);
			sourceTree = "<group>";
		};
		178846BE1CAA26BA00FED0BA /* Products */ = {
			isa = PBXGroup;
			children = (
				178846BD1CAA26BA00FED0BA /* SwiftProgram.app */,
				178846D11CAA26BA00FED0BA /* SwiftProgramTests.xctest */,
				178846DC1CAA26BA00FED0BA /* SwiftProgramUITests.xctest */,
			);
			name = Products;
			sourceTree = "<group>";
		};
		178846BF1CAA26BA00FED0BA /* SwiftProgram */ = {
			isa = PBXGroup;
			children = (
				178846C01CAA26BA00FED0BA /* AppDelegate.swift */,
				178846C21CAA26BA00FED0BA /* ViewController.swift */,
				178846C41CAA26BA00FED0BA /* Main.storyboard */,
				178846C71CAA26BA00FED0BA /* Assets.xcassets */,
				178846C91CAA26BA00FED0BA /* LaunchScreen.storyboard */,
				178846CC1CAA26BA00FED0BA /* Info.plist */,
			);
			path = SwiftProgram;
			sourceTree = "<group>";
		};
		178846D41CAA26BA00FED0BA /* SwiftProgramTests */ = {
			isa = PBXGroup;
			children = (
				178846D51CAA26BA00FED0BA /* SwiftProgramTests.swift */,
				178846D71CAA26BA00FED0BA /* Info.plist */,
			);
			path = SwiftProgramTests;
			sourceTree = "<group>";
		};
		178846DF1CAA26BA00FED0BA /* SwiftProgramUITests */ = {
			isa = PBXGroup;
			children = (
				178846E01CAA26BA00FED0BA /* SwiftProgramUITests.swift */,
				178846E21CAA26BA00FED0BA /* Info.plist */,
			);
			path = SwiftProgramUITests;
			sourceTree = "<group>";
		};
/* End PBXGroup section */

/* Begin PBXNativeTarget section */
		178846BC1CAA26BA00FED0BA /* SwiftProgram */ = {
			isa = PBXNativeTarget;
			buildConfigurationList = 178846E51CAA26BA00FED0BA /* Build configuration list for PBXNativeTarget "SwiftProgram" */;
			buildPhases = (
				178846B91CAA26BA00FED0BA /* Sources */,
				178846BA1CAA26BA00FED0BA /* Frameworks */,
				178846BB1CAA26BA00FED0BA /* Resources */,
			);
			buildRules = (
			);
			dependencies = (
			);
			name = SwiftProgram;
			productName = SwiftProgram;
			productReference = 178846BD1CAA26BA00FED0BA /* SwiftProgram.app */;
			productType = "com.apple.product-type.application";
		};
		178846D01CAA26BA00FED0BA /* SwiftProgramTests */ = {
			isa = PBXNativeTarget;
			buildConfigurationList = 178846E81CAA26BA00FED0BA /* Build configuration list for PBXNativeTarget "SwiftProgramTests" */;
			buildPhases = (
				178846CD1CAA26BA00FED0BA /* Sources */,
				178846CE1CAA26BA00FED0BA /* Frameworks */,
				178846CF1CAA26BA00FED0BA /* Resources */,
			);
			buildRules = (
			);
			dependencies = (
				178846D31CAA26BA00FED0BA /* PBXTargetDependency */,
			);
			name = SwiftProgramTests;
			productName = SwiftProgramTests;
			productReference = 178846D11CAA26BA00FED0BA /* SwiftProgramTests.xctest */;
			productType = "com.apple.product-type.bundle.unit-test";
		};
		178846DB1CAA26BA00FED0BA /* SwiftProgramUITests */ = {
			isa = PBXNativeTarget;
			buildConfigurationList = 178846EB1CAA26BA00FED0BA /* Build configuration list for PBXNativeTarget "SwiftProgramUITests" */;
			buildPhases = (
				178846D81CAA26BA00FED0BA /* Sources */,
				178846D91CAA26BA00FED0BA /* Frameworks */,
				178846DA1CAA26BA00FED0BA /* Resources */,
			);
			buildRules = (
			);
			dependencies = (
				178846DE1CAA26BA00FED0BA /* PBXTargetDependency */,
			);
			name = SwiftProgramUITests;
			productName = SwiftProgramUITests;
			productReference = 178846DC1CAA26BA00FED0BA /* SwiftProgramUITests.xctest */;
			productType = "com.apple.product-type.bundle.ui-testing";
		};
/* End PBXNativeTarget section */

/* Begin PBXProject section */
		178846B51CAA26BA00FED0BA /* Project object */ = {
			isa = PBXProject;
			attributes = {
				LastSwiftUpdateCheck = 0730;
				LastUpgradeCheck = 0730;
				ORGANIZATIONNAME = je_ffy;
				TargetAttributes = {
					178846BC1CAA26BA00FED0BA = {
						CreatedOnToolsVersion = 7.3;
					};
					178846D01CAA26BA00FED0BA = {
						CreatedOnToolsVersion = 7.3;
						TestTargetID = 178846BC1CAA26BA00FED0BA;
					};
					178846DB1CAA26BA00FED0BA = {
						CreatedOnToolsVersion = 7.3;
						TestTargetID = 178846BC1CAA26BA00FED0BA;
					};
				};
			};
			buildConfigurationList = 178846B81CAA26BA00FED0BA /* Build configuration list for PBXProject "SwiftProgram" */;
			compatibilityVersion = "Xcode 3.2";
			developmentRegion = English;
			hasScannedForEncodings = 0;
			knownRegions = (
				en,
				Base,
			);
			mainGroup = 178846B41CAA26BA00FED0BA;
			productRefGroup = 178846BE1CAA26BA00FED0BA /* Products */;
			projectDirPath = "";
			projectRoot = "";
			targets = (
				178846BC1CAA26BA00FED0BA /* SwiftProgram */,
				178846D01CAA26BA00FED0BA /* SwiftProgramTests */,
				178846DB1CAA26BA00FED0BA /* SwiftProgramUITests */,
			);
		};
/* End PBXProject section */

/* Begin PBXResourcesBuildPhase section */
		178846BB1CAA26BA00FED0BA /* Resources */ = {
			isa = PBXResourcesBuildPhase;
			buildActionMask = 2147483647;
			files = (
				178846CB1CAA26BA00FED0BA /* LaunchScreen.storyboard in Resources */,
				178846C81CAA26BA00FED0BA /* Assets.xcassets in Resources */,
				178846C61CAA26BA00FED0BA /* Main.storyboard in Resources */,
			);
			runOnlyForDeploymentPostprocessing = 0;
		};
		178846CF1CAA26BA00FED0BA /* Resources */ = {
			isa = PBXResourcesBuildPhase;
			buildActionMask = 2147483647;
			files = (
			);
			runOnlyForDeploymentPostprocessing = 0;
		};
		178846DA1CAA26BA00FED0BA /* Resources */ = {
			isa = PBXResourcesBuildPhase;
			buildActionMask = 2147483647;
			files = (
			);
			runOnlyForDeploymentPostprocessing = 0;
		};
/* End PBXResourcesBuildPhase section */

/* Begin PBXSourcesBuildPhase section */
		178846B91CAA26BA00FED0BA /* Sources */ = {
			isa = PBXSourcesBuildPhase;
			buildActionMask = 2147483647;
			files = (
				178846C31CAA26BA00FED0BA /* ViewController.swift in Sources */,
				178846C11CAA26BA00FED0BA /* AppDelegate.swift in Sources */,
			);
			runOnlyForDeploymentPostprocessing = 0;
		};
		178846CD1CAA26BA00FED0BA /* Sources */ = {
			isa = PBXSourcesBuildPhase;
			buildActionMask = 2147483647;
			files = (
				178846D61CAA26BA00FED0BA /* SwiftProgramTests.swift in Sources */,
			);
			runOnlyForDeploymentPostprocessing = 0;
		};
		178846D81CAA26BA00FED0BA /* Sources */ = {
			isa = PBXSourcesBuildPhase;
			buildActionMask = 2147483647;
			files = (
				178846E11CAA26BA00FED0BA /* SwiftProgramUITests.swift in Sources */,
			);
			runOnlyForDeploymentPostprocessing = 0;
		};
/* End PBXSourcesBuildPhase section */

/* Begin PBXTargetDependency section */
		178846D31CAA26BA00FED0BA /* PBXTargetDependency */ = {
			isa = PBXTargetDependency;
			target = 178846BC1CAA26BA00FED0BA /* SwiftProgram */;
			targetProxy = 178846D21CAA26BA00FED0BA /* PBXContainerItemProxy */;
		};
		178846DE1CAA26BA00FED0BA /* PBXTargetDependency */ = {
			isa = PBXTargetDependency;
			target = 178846BC1CAA26BA00FED0BA /* SwiftProgram */;
			targetProxy = 178846DD1CAA26BA00FED0BA /* PBXContainerItemProxy */;
		};
/* End PBXTargetDependency section */

/* Begin PBXVariantGroup section */
		178846C41CAA26BA00FED0BA /* Main.storyboard */ = {
			isa = PBXVariantGroup;
			children = (
				178846C51CAA26BA00FED0BA /* Base */,
			);
			name = Main.storyboard;
			sourceTree = "<group>";
		};
		178846C91CAA26BA00FED0BA /* LaunchScreen.storyboard */ = {
			isa = PBXVariantGroup;
			children = (
				178846CA1CAA26BA00FED0BA /* Base */,
			);
			name = LaunchScreen.storyboard;
			sourceTree = "<group>";
		};
/* End PBXVariantGroup section */

/* Begin XCBuildConfiguration section */
		178846E31CAA26BA00FED0BA /* Debug */ = {
			isa = XCBuildConfiguration;
			buildSettings = {
				ALWAYS_SEARCH_USER_PATHS = NO;
				CLANG_ANALYZER_NONNULL = YES;
				CLANG_CXX_LANGUAGE_STANDARD = "gnu++0x";
				CLANG_CXX_LIBRARY = "libc++";
				CLANG_ENABLE_MODULES = YES;
				CLANG_ENABLE_OBJC_ARC = YES;
				CLANG_WARN_BOOL_CONVERSION = YES;
				CLANG_WARN_CONSTANT_CONVERSION = YES;
				CLANG_WARN_DIRECT_OBJC_ISA_USAGE = YES_ERROR;
				CLANG_WARN_EMPTY_BODY = YES;
				CLANG_WARN_ENUM_CONVERSION = YES;
				CLANG_WARN_INT_CONVERSION = YES;
				CLANG_WARN_OBJC_ROOT_CLASS = YES_ERROR;
				CLANG_WARN_UNREACHABLE_CODE = YES;
				CLANG_WARN__DUPLICATE_METHOD_MATCH = YES;
				"CODE_SIGN_IDENTITY[sdk=iphoneos*]" = "iPhone Developer";
				COPY_PHASE_STRIP = NO;
				DEBUG_INFORMATION_FORMAT = dwarf;
				ENABLE_STRICT_OBJC_MSGSEND = YES;
				ENABLE_TESTABILITY = YES;
				GCC_C_LANGUAGE_STANDARD = gnu99;
				GCC_DYNAMIC_NO_PIC = NO;
				GCC_NO_COMMON_BLOCKS = YES;
				GCC_OPTIMIZATION_LEVEL = 0;
				GCC_PREPROCESSOR_DEFINITIONS = (
					"DEBUG=1",
					"$(inherited)",
				);
				GCC_WARN_64_TO_32_BIT_CONVERSION = YES;
				GCC_WARN_ABOUT_RETURN_TYPE = YES_ERROR;
				GCC_WARN_UNDECLARED_SELECTOR = YES;
				GCC_WARN_UNINITIALIZED_AUTOS = YES_AGGRESSIVE;
				GCC_WARN_UNUSED_FUNCTION = YES;
				GCC_WARN_UNUSED_VARIABLE = YES;
				IPHONEOS_DEPLOYMENT_TARGET = 9.3;
				MTL_ENABLE_DEBUG_INFO = YES;
				ONLY_ACTIVE_ARCH = YES;
				SDKROOT = iphoneos;
				SWIFT_OPTIMIZATION_LEVEL = "-Onone";
				TARGETED_DEVICE_FAMILY = "1,2";
			};
			name = Debug;
		};
		178846E41CAA26BA00FED0BA /* Release */ = {
			isa = XCBuildConfiguration;
			buildSettings = {
				ALWAYS_SEARCH_USER_PATHS = NO;
				CLANG_ANALYZER_NONNULL = YES;
				CLANG_CXX_LANGUAGE_STANDARD = "gnu++0x";
				CLANG_CXX_LIBRARY = "libc++";
				CLANG_ENABLE_MODULES = YES;
				CLANG_ENABLE_OBJC_ARC = YES;
				CLANG_WARN_BOOL_CONVERSION = YES;
				CLANG_WARN_CONSTANT_CONVERSION = YES;
				CLANG_WARN_DIRECT_OBJC_ISA_USAGE = YES_ERROR;
				CLANG_WARN_EMPTY_BODY = YES;
				CLANG_WARN_ENUM_CONVERSION = YES;
				CLANG_WARN_INT_CONVERSION = YES;
				CLANG_WARN_OBJC_ROOT_CLASS = YES_ERROR;
				CLANG_WARN_UNREACHABLE_CODE = YES;
				CLANG_WARN__DUPLICATE_METHOD_MATCH = YES;
				"CODE_SIGN_IDENTITY[sdk=iphoneos*]" = "iPhone Developer";
				COPY_PHASE_STRIP = NO;
				DEBUG_INFORMATION_FORMAT = "dwarf-with-dsym";
				ENABLE_NS_ASSERTIONS = NO;
				ENABLE_STRICT_OBJC_MSGSEND = YES;
				GCC_C_LANGUAGE_STANDARD = gnu99;
				GCC_NO_COMMON_BLOCKS = YES;
				GCC_WARN_64_TO_32_BIT_CONVERSION = YES;
				GCC_WARN_ABOUT_RETURN_TYPE = YES_ERROR;
				GCC_WARN_UNDECLARED_SELECTOR = YES;
				GCC_WARN_UNINITIALIZED_AUTOS = YES_AGGRESSIVE;
				GCC_WARN_UNUSED_FUNCTION = YES;
				GCC_WARN_UNUSED_VARIABLE = YES;
				IPHONEOS_DEPLOYMENT_TARGET = 9.3;
				MTL_ENABLE_DEBUG_INFO = NO;
				SDKROOT = iphoneos;
				TARGETED_DEVICE_FAMILY = "1,2";
				VALIDATE_PRODUCT = YES;
			};
			name = Release;
		};
		178846E61CAA26BA00FED0BA /* Debug */ = {
			isa = XCBuildConfiguration;
			buildSettings = {
				ASSETCATALOG_COMPILER_APPICON_NAME = AppIcon;
				INFOPLIST_FILE = SwiftProgram/Info.plist;
				LD_RUNPATH_SEARCH_PATHS = "$(inherited) @executable_path/Frameworks";
				PRODUCT_BUNDLE_IDENTIFIER = ribai.com.SwiftProgram;
				PRODUCT_NAME = "$(TARGET_NAME)";
			};
			name = Debug;
		};
		178846E71CAA26BA00FED0BA /* Release */ = {
			isa = XCBuildConfiguration;
			buildSettings = {
				ASSETCATALOG_COMPILER_APPICON_NAME = AppIcon;
				INFOPLIST_FILE = SwiftProgram/Info.plist;
				LD_RUNPATH_SEARCH_PATHS = "$(inherited) @executable_path/Frameworks";
				PRODUCT_BUNDLE_IDENTIFIER = ribai.com.SwiftProgram;
				PRODUCT_NAME = "$(TARGET_NAME)";
			};
			name = Release;
		};
		178846E91CAA26BA00FED0BA /* Debug */ = {
			isa = XCBuildConfiguration;
			buildSettings = {
				BUNDLE_LOADER = "$(TEST_HOST)";
				INFOPLIST_FILE = SwiftProgramTests/Info.plist;
				LD_RUNPATH_SEARCH_PATHS = "$(inherited) @executable_path/Frameworks @loader_path/Frameworks";
				PRODUCT_BUNDLE_IDENTIFIER = ribai.com.SwiftProgramTests;
				PRODUCT_NAME = "$(TARGET_NAME)";
				TEST_HOST = "$(BUILT_PRODUCTS_DIR)/SwiftProgram.app/SwiftProgram";
			};
			name = Debug;
		};
		178846EA1CAA26BA00FED0BA /* Release */ = {
			isa = XCBuildConfiguration;
			buildSettings = {
				BUNDLE_LOADER = "$(TEST_HOST)";
				INFOPLIST_FILE = SwiftProgramTests/Info.plist;
				LD_RUNPATH_SEARCH_PATHS = "$(inherited) @executable_path/Frameworks @loader_path/Frameworks";
				PRODUCT_BUNDLE_IDENTIFIER = ribai.com.SwiftProgramTests;
				PRODUCT_NAME = "$(TARGET_NAME)";
				TEST_HOST = "$(BUILT_PRODUCTS_DIR)/SwiftProgram.app/SwiftProgram";
			};
			name = Release;
		};
		178846EC1CAA26BA00FED0BA /* Debug */ = {
			isa = XCBuildConfiguration;
			buildSettings = {
				INFOPLIST_FILE = SwiftProgramUITests/Info.plist;
				LD_RUNPATH_SEARCH_PATHS = "$(inherited) @executable_path/Frameworks @loader_path/Frameworks";
				PRODUCT_BUNDLE_IDENTIFIER = ribai.com.SwiftProgramUITests;
				PRODUCT_NAME = "$(TARGET_NAME)";
				TEST_TARGET_NAME = SwiftProgram;
			};
			name = Debug;
		};
		178846ED1CAA26BA00FED0BA /* Release */ = {
			isa = XCBuildConfiguration;
			buildSettings = {
				INFOPLIST_FILE = SwiftProgramUITests/Info.plist;
				LD_RUNPATH_SEARCH_PATHS = "$(inherited) @executable_path/Frameworks @loader_path/Frameworks";
				PRODUCT_BUNDLE_IDENTIFIER = ribai.com.SwiftProgramUITests;
				PRODUCT_NAME = "$(TARGET_NAME)";
				TEST_TARGET_NAME = SwiftProgram;
			};
			name = Release;
		};
/* End XCBuildConfiguration section */

/* Begin XCConfigurationList section */
		178846B81CAA26BA00FED0BA /* Build configuration list for PBXProject "SwiftProgram" */ = {
			isa = XCConfigurationList;
			buildConfigurations = (
				178846E31CAA26BA00FED0BA /* Debug */,
				178846E41CAA26BA00FED0BA /* Release */,
			);
			defaultConfigurationIsVisible = 0;
			defaultConfigurationName = Release;
		};
		178846E51CAA26BA00FED0BA /* Build configuration list for PBXNativeTarget "SwiftProgram" */ = {
			isa = XCConfigurationList;
			buildConfigurations = (
				178846E61CAA26BA00FED0BA /* Debug */,
				178846E71CAA26BA00FED0BA /* Release */,
			);
			defaultConfigurationIsVisible = 0;
		};
		178846E81CAA26BA00FED0BA /* Build configuration list for PBXNativeTarget "SwiftProgramTests" */ = {
			isa = XCConfigurationList;
			buildConfigurations = (
				178846E91CAA26BA00FED0BA /* Debug */,
				178846EA1CAA26BA00FED0BA /* Release */,
			);
			defaultConfigurationIsVisible = 0;
		};
		178846EB1CAA26BA00FED0BA /* Build configuration list for PBXNativeTarget "SwiftProgramUITests" */ = {
			isa = XCConfigurationList;
			buildConfigurations = (
				178846EC1CAA26BA00FED0BA /* Debug */,
				178846ED1CAA26BA00FED0BA /* Release */,
			);
			defaultConfigurationIsVisible = 0;
		};
/* End XCConfigurationList section */
	};
	rootObject = 178846B51CAA26BA00FED0BA /* Project object */;
}
